
Microsoft Visual Studio Solution File, Format Version 12.00
# Visual Studio Version 16
VisualStudioVersion = 16.0.31129.286
MinimumVisualStudioVersion = 10.0.40219.1
Project("{FAE04EC0-301F-11D3-BF4B-00C04F79EFBC}") = "BenchmarkSumOptimizations", "BenchmarkSumOptimizations\BenchmarkSumOptimizations.csproj", "{971DFBD9-4888-4653-8EA5-80E9C2FED17D}"
EndProject
Global
	GlobalSection(SolutionConfigurationPlatforms) = preSolution
		Debug|Any CPU = Debug|Any CPU
		Release|Any CPU = Release|Any CPU
	EndGlobalSection
	GlobalSection(ProjectConfigurationPlatforms) = postSolution
		{971DFBD9-4888-4653-8EA5-80E9C2FED17D}.Debug|Any CPU.ActiveCfg = Debug|Any CPU
		{971DFBD9-4888-4653-8EA5-80E9C2FED17D}.Debug|Any CPU.Build.0 = Debug|Any CPU
		{971DFBD9-4888-4653-8EA5-80E9C2FED17D}.Release|Any CPU.ActiveCfg = Release|Any CPU
		{971DFBD9-4888-4653-8EA5-80E9C2FED17D}.Release|Any CPU.Build.0 = Release|Any CPU
	EndGlobalSection
	GlobalSection(SolutionProperties) = preSolution
		HideSolutionNode = FALSE
	EndGlobalSection
	GlobalSection(ExtensibilityGlobals) = postSolution
		SolutionGuid = {956D5888-CFAC-44F5-BDE4-9428A5444D62}
	EndGlobalSection
EndGlobal
